
Microsoft Visual Studio Solution File, Format Version 12.00
# Visual Studio Version 17
VisualStudioVersion = 17.7.34221.43
MinimumVisualStudioVersion = 10.0.40219.1
Project("{FAE04EC0-301F-11D3-BF4B-00C04F79EFBC}") = "BaichungBotia", "BaichungBotia.csproj", "{6715E60B-A528-4BDF-9441-9F9AEDCE3A41}"
EndProject
Global
	GlobalSection(SolutionConfigurationPlatforms) = preSolution
		Debug|Any CPU = Debug|Any CPU
		Release|Any CPU = Release|Any CPU
	EndGlobalSection
	GlobalSection(ProjectConfigurationPlatforms) = postSolution
		{6715E60B-A528-4BDF-9441-9F9AEDCE3A41}.Debug|Any CPU.ActiveCfg = Debug|Any CPU
		{6715E60B-A528-4BDF-9441-9F9AEDCE3A41}.Debug|Any CPU.Build.0 = Debug|Any CPU
		{6715E60B-A528-4BDF-9441-9F9AEDCE3A41}.Release|Any CPU.ActiveCfg = Release|Any CPU
		{6715E60B-A528-4BDF-9441-9F9AEDCE3A41}.Release|Any CPU.Build.0 = Release|Any CPU
	EndGlobalSection
	GlobalSection(SolutionProperties) = preSolution
		HideSolutionNode = FALSE
	EndGlobalSection
	GlobalSection(ExtensibilityGlobals) = postSolution
		SolutionGuid = {2D23822B-D2E5-4AC9-84B2-5C24CC9D4F93}
	EndGlobalSection
EndGlobal
