
Microsoft Visual Studio Solution File, Format Version 12.00
# Visual Studio Version 17
VisualStudioVersion = 17.5.33530.505
MinimumVisualStudioVersion = 10.0.40219.1
Project("{FAE04EC0-301F-11D3-BF4B-00C04F79EFBC}") = "DiscordBot", "DiscordBot\DiscordBot.csproj", "{5E793F9C-D5AF-4A92-A5E0-A28FD75BE794}"
EndProject
Global
	GlobalSection(SolutionConfigurationPlatforms) = preSolution
		Debug|Any CPU = Debug|Any CPU
		Release|Any CPU = Release|Any CPU
	EndGlobalSection
	GlobalSection(ProjectConfigurationPlatforms) = postSolution
		{5E793F9C-D5AF-4A92-A5E0-A28FD75BE794}.Debug|Any CPU.ActiveCfg = Debug|Any CPU
		{5E793F9C-D5AF-4A92-A5E0-A28FD75BE794}.Debug|Any CPU.Build.0 = Debug|Any CPU
		{5E793F9C-D5AF-4A92-A5E0-A28FD75BE794}.Release|Any CPU.ActiveCfg = Release|Any CPU
		{5E793F9C-D5AF-4A92-A5E0-A28FD75BE794}.Release|Any CPU.Build.0 = Release|Any CPU
	EndGlobalSection
	GlobalSection(SolutionProperties) = preSolution
		HideSolutionNode = FALSE
	EndGlobalSection
	GlobalSection(ExtensibilityGlobals) = postSolution
		SolutionGuid = {C92F3D85-CBDF-4384-B519-8C91B84095EC}
	EndGlobalSection
EndGlobal
